
Microsoft Visual Studio Solution File, Format Version 12.00
# Visual Studio Version 17
VisualStudioVersion = 17.4.33213.308
MinimumVisualStudioVersion = 10.0.40219.1
Project("{FAE04EC0-301F-11D3-BF4B-00C04F79EFBC}") = "ProyectoAula_daniel_isabella", "ProyectoAula_daniel_isabella\ProyectoAula_daniel_isabella.csproj", "{61DC5827-44FD-402C-92FB-72F68D028059}"
EndProject
Global
	GlobalSection(SolutionConfigurationPlatforms) = preSolution
		Debug|Any CPU = Debug|Any CPU
		Release|Any CPU = Release|Any CPU
	EndGlobalSection
	GlobalSection(ProjectConfigurationPlatforms) = postSolution
		{61DC5827-44FD-402C-92FB-72F68D028059}.Debug|Any CPU.ActiveCfg = Debug|Any CPU
		{61DC5827-44FD-402C-92FB-72F68D028059}.Debug|Any CPU.Build.0 = Debug|Any CPU
		{61DC5827-44FD-402C-92FB-72F68D028059}.Release|Any CPU.ActiveCfg = Release|Any CPU
		{61DC5827-44FD-402C-92FB-72F68D028059}.Release|Any CPU.Build.0 = Release|Any CPU
	EndGlobalSection
	GlobalSection(SolutionProperties) = preSolution
		HideSolutionNode = FALSE
	EndGlobalSection
	GlobalSection(ExtensibilityGlobals) = postSolution
		SolutionGuid = {410F3B93-D35C-428D-A637-50478C94C7AB}
	EndGlobalSection
EndGlobal
